
Microsoft Visual Studio Solution File, Format Version 12.00
# Visual Studio Version 16
VisualStudioVersion = 16.0.31321.278
MinimumVisualStudioVersion = 10.0.40219.1
Project("{9A19103F-16F7-4668-BE54-9A1E7A4F7556}") = "nutrition-app", "nutrition-app\nutrition-app.csproj", "{55BF80C7-A3E7-457C-AC58-CB54F2FC2B4F}"
EndProject
Project("{2150E333-8FDC-42A3-9474-1A3956D46DE8}") = "src", "src", "{76B49FF4-D873-4B97-A23D-62A1136ECFE2}"
EndProject
Project("{2150E333-8FDC-42A3-9474-1A3956D46DE8}") = "tests", "tests", "{29AEDA1A-543C-44B5-9482-1D32772EC60F}"
EndProject
Global
	GlobalSection(SolutionConfigurationPlatforms) = preSolution
		Debug|Any CPU = Debug|Any CPU
		Release|Any CPU = Release|Any CPU
	EndGlobalSection
	GlobalSection(ProjectConfigurationPlatforms) = postSolution
		{55BF80C7-A3E7-457C-AC58-CB54F2FC2B4F}.Debug|Any CPU.ActiveCfg = Debug|Any CPU
		{55BF80C7-A3E7-457C-AC58-CB54F2FC2B4F}.Debug|Any CPU.Build.0 = Debug|Any CPU
		{55BF80C7-A3E7-457C-AC58-CB54F2FC2B4F}.Release|Any CPU.ActiveCfg = Release|Any CPU
		{55BF80C7-A3E7-457C-AC58-CB54F2FC2B4F}.Release|Any CPU.Build.0 = Release|Any CPU
	EndGlobalSection
	GlobalSection(SolutionProperties) = preSolution
		HideSolutionNode = FALSE
	EndGlobalSection
	GlobalSection(ExtensibilityGlobals) = postSolution
		SolutionGuid = {58602187-E10B-4EF0-B195-5B42A0A220E8}
	EndGlobalSection
EndGlobal
