
Microsoft Visual Studio Solution File, Format Version 12.00
# Visual Studio Version 16
VisualStudioVersion = 16.0.31321.278
MinimumVisualStudioVersion = 10.0.40219.1
Project("{2150E333-8FDC-42A3-9474-1A3956D46DE8}") = "src", "src", "{76B49FF4-D873-4B97-A23D-62A1136ECFE2}"
EndProject
Project("{2150E333-8FDC-42A3-9474-1A3956D46DE8}") = "tests", "tests", "{29AEDA1A-543C-44B5-9482-1D32772EC60F}"
EndProject
Project("{9A19103F-16F7-4668-BE54-9A1E7A4F7556}") = "Nutrition.Web", "src\Nutrition.Web\Nutrition.Web.csproj", "{BD981EB9-17B8-44EC-8870-1784DBA65ED4}"
EndProject
Project("{FAE04EC0-301F-11D3-BF4B-00C04F79EFBC}") = "Nutrition.Core", "src\Nutrition.Core\Nutrition.Core.csproj", "{49B419C0-8BCC-47CA-8E9D-F767FC078581}"
EndProject
Project("{FAE04EC0-301F-11D3-BF4B-00C04F79EFBC}") = "Nutrition.Infrastructure", "src\Nutrition.Infrastructure\Nutrition.Infrastructure.csproj", "{DC742938-E61F-47D1-8D82-0665C9E8D31B}"
EndProject
Project("{FAE04EC0-301F-11D3-BF4B-00C04F79EFBC}") = "Nutrition.SharedKernel", "src\Nutrition.SharedKernel\Nutrition.SharedKernel.csproj", "{6F2023F4-80F6-4FF1-823D-2D241D41D597}"
EndProject
Project("{FAE04EC0-301F-11D3-BF4B-00C04F79EFBC}") = "Nutrition.UnitTests", "tests\Nutrition.UnitTests\Nutrition.UnitTests.csproj", "{1108A0F8-97F5-4CEC-AB3C-C8CFF5C4C8C7}"
EndProject
Global
	GlobalSection(SolutionConfigurationPlatforms) = preSolution
		Debug|Any CPU = Debug|Any CPU
		Release|Any CPU = Release|Any CPU
	EndGlobalSection
	GlobalSection(ProjectConfigurationPlatforms) = postSolution
		{BD981EB9-17B8-44EC-8870-1784DBA65ED4}.Debug|Any CPU.ActiveCfg = Debug|Any CPU
		{BD981EB9-17B8-44EC-8870-1784DBA65ED4}.Debug|Any CPU.Build.0 = Debug|Any CPU
		{BD981EB9-17B8-44EC-8870-1784DBA65ED4}.Release|Any CPU.ActiveCfg = Release|Any CPU
		{BD981EB9-17B8-44EC-8870-1784DBA65ED4}.Release|Any CPU.Build.0 = Release|Any CPU
		{49B419C0-8BCC-47CA-8E9D-F767FC078581}.Debug|Any CPU.ActiveCfg = Debug|Any CPU
		{49B419C0-8BCC-47CA-8E9D-F767FC078581}.Debug|Any CPU.Build.0 = Debug|Any CPU
		{49B419C0-8BCC-47CA-8E9D-F767FC078581}.Release|Any CPU.ActiveCfg = Release|Any CPU
		{49B419C0-8BCC-47CA-8E9D-F767FC078581}.Release|Any CPU.Build.0 = Release|Any CPU
		{DC742938-E61F-47D1-8D82-0665C9E8D31B}.Debug|Any CPU.ActiveCfg = Debug|Any CPU
		{DC742938-E61F-47D1-8D82-0665C9E8D31B}.Debug|Any CPU.Build.0 = Debug|Any CPU
		{DC742938-E61F-47D1-8D82-0665C9E8D31B}.Release|Any CPU.ActiveCfg = Release|Any CPU
		{DC742938-E61F-47D1-8D82-0665C9E8D31B}.Release|Any CPU.Build.0 = Release|Any CPU
		{6F2023F4-80F6-4FF1-823D-2D241D41D597}.Debug|Any CPU.ActiveCfg = Debug|Any CPU
		{6F2023F4-80F6-4FF1-823D-2D241D41D597}.Debug|Any CPU.Build.0 = Debug|Any CPU
		{6F2023F4-80F6-4FF1-823D-2D241D41D597}.Release|Any CPU.ActiveCfg = Release|Any CPU
		{6F2023F4-80F6-4FF1-823D-2D241D41D597}.Release|Any CPU.Build.0 = Release|Any CPU
		{1108A0F8-97F5-4CEC-AB3C-C8CFF5C4C8C7}.Debug|Any CPU.ActiveCfg = Debug|Any CPU
		{1108A0F8-97F5-4CEC-AB3C-C8CFF5C4C8C7}.Debug|Any CPU.Build.0 = Debug|Any CPU
		{1108A0F8-97F5-4CEC-AB3C-C8CFF5C4C8C7}.Release|Any CPU.ActiveCfg = Release|Any CPU
		{1108A0F8-97F5-4CEC-AB3C-C8CFF5C4C8C7}.Release|Any CPU.Build.0 = Release|Any CPU
	EndGlobalSection
	GlobalSection(SolutionProperties) = preSolution
		HideSolutionNode = FALSE
	EndGlobalSection
	GlobalSection(NestedProjects) = preSolution
		{BD981EB9-17B8-44EC-8870-1784DBA65ED4} = {76B49FF4-D873-4B97-A23D-62A1136ECFE2}
		{49B419C0-8BCC-47CA-8E9D-F767FC078581} = {76B49FF4-D873-4B97-A23D-62A1136ECFE2}
		{DC742938-E61F-47D1-8D82-0665C9E8D31B} = {76B49FF4-D873-4B97-A23D-62A1136ECFE2}
		{6F2023F4-80F6-4FF1-823D-2D241D41D597} = {76B49FF4-D873-4B97-A23D-62A1136ECFE2}
		{1108A0F8-97F5-4CEC-AB3C-C8CFF5C4C8C7} = {29AEDA1A-543C-44B5-9482-1D32772EC60F}
	EndGlobalSection
	GlobalSection(ExtensibilityGlobals) = postSolution
		SolutionGuid = {58602187-E10B-4EF0-B195-5B42A0A220E8}
	EndGlobalSection
EndGlobal
