
Microsoft Visual Studio Solution File, Format Version 12.00
# Visual Studio Version 16
VisualStudioVersion = 16.0.31321.278
MinimumVisualStudioVersion = 10.0.40219.1
Project("{FAE04EC0-301F-11D3-BF4B-00C04F79EFBC}") = "nutrition-app", "nutrition-app\nutrition-app.csproj", "{55BF80C7-A3E7-457C-AC58-CB54F2FC2B4F}"
EndProject
Global
	GlobalSection(SolutionConfigurationPlatforms) = preSolution
		Debug|Any CPU = Debug|Any CPU
		Release|Any CPU = Release|Any CPU
	EndGlobalSection
	GlobalSection(ProjectConfigurationPlatforms) = postSolution
		{55BF80C7-A3E7-457C-AC58-CB54F2FC2B4F}.Debug|Any CPU.ActiveCfg = Debug|Any CPU
		{55BF80C7-A3E7-457C-AC58-CB54F2FC2B4F}.Debug|Any CPU.Build.0 = Debug|Any CPU
		{55BF80C7-A3E7-457C-AC58-CB54F2FC2B4F}.Release|Any CPU.ActiveCfg = Release|Any CPU
		{55BF80C7-A3E7-457C-AC58-CB54F2FC2B4F}.Release|Any CPU.Build.0 = Release|Any CPU
	EndGlobalSection
	GlobalSection(SolutionProperties) = preSolution
		HideSolutionNode = FALSE
	EndGlobalSection
	GlobalSection(ExtensibilityGlobals) = postSolution
		SolutionGuid = {58602187-E10B-4EF0-B195-5B42A0A220E8}
	EndGlobalSection
EndGlobal
